github.com/IceRhymers/databricks-claude v0.6.0 h1:0dA07ibYTqbw0FgYkmLPHuAalRAeVajHOTdVLreyLYc=
github.com/IceRhymers/databricks-claude v0.6.0/go.mod h1:oumYYlTYJnMX94lOok3ammlwLzuPhUhq30DIEFmqwM8=
github.com/IceRhymers/databricks-claude v0.8.1 h1:1gFFG98yLNWf8cR+aFrHIrrTMFItQ/AvRUaPdcnngVU=
github.com/IceRhymers/databricks-claude v0.8.1/go.mod h1:oumYYlTYJnMX94lOok3ammlwLzuPhUhq30DIEFmqwM8=
